<?xml version="1.0" encoding="utf-8"?>
<Project ToolsVersion="4.0" xmlns="http://schemas.microsoft.com/developer/msbuild/2003">
  <ItemGroup>
    <ClCompile Include="main.cpp" />
  </ItemGroup>
  <ItemGroup>
    <ClInclude Include="Wide.h" />
    <ClInclude Include="Fp.h" />
    <ClInclude Include="EC.h" />
    <ClInclude Include="secp256k1.h" />
    <ClInclude Include="SHA256.h" />
    <ClInclude Include="DER.h" />
    <ClInclude Include="RIPEMD160.h" />
    <ClInclude Include="Base58Check.h" />
    <ClInclude Include="Bitcoin.h" />
    <ClInclude Include="ByteArray.h" />
  </ItemGroup>
</Project>